// !$*UTF8*$!
{
	archiveVersion = 1;
	classes = {
	};
	objectVersion = 50;
	objects = {

/* Begin PBXBuildFile section */
		BFD408FB24DAD1C400F226BF /* AppDelegate.swift in Sources */ = {isa = PBXBuildFile; fileRef = BFD408FA24DAD1C400F226BF /* AppDelegate.swift */; };
		BFD408FD24DAD1C400F226BF /* SceneDelegate.swift in Sources */ = {isa = PBXBuildFile; fileRef = BFD408FC24DAD1C400F226BF /* SceneDelegate.swift */; };
		BFD408FF24DAD1C400F226BF /* ViewController.swift in Sources */ = {isa = PBXBuildFile; fileRef = BFD408FE24DAD1C400F226BF /* ViewController.swift */; };
		BFD4090424DAD1CA00F226BF /* Assets.xcassets in Resources */ = {isa = PBXBuildFile; fileRef = BFD4090324DAD1CA00F226BF /* Assets.xcassets */; };
		BFD4090724DAD1CA00F226BF /* LaunchScreen.storyboard in Resources */ = {isa = PBXBuildFile; fileRef = BFD4090524DAD1CA00F226BF /* LaunchScreen.storyboard */; };
		BFD4091224DAD1CA00F226BF /* RickAndMortyTests.swift in Sources */ = {isa = PBXBuildFile; fileRef = BFD4091124DAD1CA00F226BF /* RickAndMortyTests.swift */; };
		BFD4092024DAD2E500F226BF /* HTTPClient.swift in Sources */ = {isa = PBXBuildFile; fileRef = BFD4091F24DAD2E500F226BF /* HTTPClient.swift */; };
/* End PBXBuildFile section */

/* Begin PBXContainerItemProxy section */
		BFD4090E24DAD1CA00F226BF /* PBXContainerItemProxy */ = {
			isa = PBXContainerItemProxy;
			containerPortal = BFD408EF24DAD1C400F226BF /* Project object */;
			proxyType = 1;
			remoteGlobalIDString = BFD408F624DAD1C400F226BF;
			remoteInfo = RickAndMorty;
		};
/* End PBXContainerItemProxy section */

/* Begin PBXFileReference section */
		BFD408F724DAD1C400F226BF /* RickAndMorty.app */ = {isa = PBXFileReference; explicitFileType = wrapper.application; includeInIndex = 0; path = RickAndMorty.app; sourceTree = BUILT_PRODUCTS_DIR; };
		BFD408FA24DAD1C400F226BF /* AppDelegate.swift */ = {isa = PBXFileReference; lastKnownFileType = sourcecode.swift; path = AppDelegate.swift; sourceTree = "<group>"; };
		BFD408FC24DAD1C400F226BF /* SceneDelegate.swift */ = {isa = PBXFileReference; lastKnownFileType = sourcecode.swift; path = SceneDelegate.swift; sourceTree = "<group>"; };
		BFD408FE24DAD1C400F226BF /* ViewController.swift */ = {isa = PBXFileReference; lastKnownFileType = sourcecode.swift; path = ViewController.swift; sourceTree = "<group>"; };
		BFD4090324DAD1CA00F226BF /* Assets.xcassets */ = {isa = PBXFileReference; lastKnownFileType = folder.assetcatalog; path = Assets.xcassets; sourceTree = "<group>"; };
		BFD4090624DAD1CA00F226BF /* Base */ = {isa = PBXFileReference; lastKnownFileType = file.storyboard; name = Base; path = Base.lproj/LaunchScreen.storyboard; sourceTree = "<group>"; };
		BFD4090824DAD1CA00F226BF /* Info.plist */ = {isa = PBXFileReference; lastKnownFileType = text.plist.xml; path = Info.plist; sourceTree = "<group>"; };
		BFD4090D24DAD1CA00F226BF /* RickAndMortyTests.xctest */ = {isa = PBXFileReference; explicitFileType = wrapper.cfbundle; includeInIndex = 0; path = RickAndMortyTests.xctest; sourceTree = BUILT_PRODUCTS_DIR; };
		BFD4091124DAD1CA00F226BF /* RickAndMortyTests.swift */ = {isa = PBXFileReference; lastKnownFileType = sourcecode.swift; path = RickAndMortyTests.swift; sourceTree = "<group>"; };
		BFD4091324DAD1CA00F226BF /* Info.plist */ = {isa = PBXFileReference; lastKnownFileType = text.plist.xml; path = Info.plist; sourceTree = "<group>"; };
		BFD4091F24DAD2E500F226BF /* HTTPClient.swift */ = {isa = PBXFileReference; lastKnownFileType = sourcecode.swift; path = HTTPClient.swift; sourceTree = "<group>"; };
/* End PBXFileReference section */

/* Begin PBXFrameworksBuildPhase section */
		BFD408F424DAD1C400F226BF /* Frameworks */ = {
			isa = PBXFrameworksBuildPhase;
			buildActionMask = 2147483647;
			files = (
			);
			runOnlyForDeploymentPostprocessing = 0;
		};
		BFD4090A24DAD1CA00F226BF /* Frameworks */ = {
			isa = PBXFrameworksBuildPhase;
			buildActionMask = 2147483647;
			files = (
			);
			runOnlyForDeploymentPostprocessing = 0;
		};
/* End PBXFrameworksBuildPhase section */

/* Begin PBXGroup section */
		BFD408EE24DAD1C400F226BF = {
			isa = PBXGroup;
			children = (
				BFD408F924DAD1C400F226BF /* RickAndMorty */,
				BFD4091024DAD1CA00F226BF /* RickAndMortyTests */,
				BFD408F824DAD1C400F226BF /* Products */,
			);
			sourceTree = "<group>";
		};
		BFD408F824DAD1C400F226BF /* Products */ = {
			isa = PBXGroup;
			children = (
				BFD408F724DAD1C400F226BF /* RickAndMorty.app */,
				BFD4090D24DAD1CA00F226BF /* RickAndMortyTests.xctest */,
			);
			name = Products;
			sourceTree = "<group>";
		};
		BFD408F924DAD1C400F226BF /* RickAndMorty */ = {
			isa = PBXGroup;
			children = (
				BFD4090824DAD1CA00F226BF /* Info.plist */,
				BFD4091D24DAD2B400F226BF /* Resources */,
				BFD4091C24DAD2A600F226BF /* Sources */,
			);
			path = RickAndMorty;
			sourceTree = "<group>";
		};
		BFD4091024DAD1CA00F226BF /* RickAndMortyTests */ = {
			isa = PBXGroup;
			children = (
				BFD4091124DAD1CA00F226BF /* RickAndMortyTests.swift */,
				BFD4091324DAD1CA00F226BF /* Info.plist */,
			);
			path = RickAndMortyTests;
			sourceTree = "<group>";
		};
		BFD4091C24DAD2A600F226BF /* Sources */ = {
			isa = PBXGroup;
			children = (
				BFD4091E24DAD2D000F226BF /* Network */,
				BFD408FA24DAD1C400F226BF /* AppDelegate.swift */,
				BFD408FC24DAD1C400F226BF /* SceneDelegate.swift */,
				BFD408FE24DAD1C400F226BF /* ViewController.swift */,
				BFD4090524DAD1CA00F226BF /* LaunchScreen.storyboard */,
			);
			path = Sources;
			sourceTree = "<group>";
		};
		BFD4091D24DAD2B400F226BF /* Resources */ = {
			isa = PBXGroup;
			children = (
				BFD4090324DAD1CA00F226BF /* Assets.xcassets */,
			);
			path = Resources;
			sourceTree = "<group>";
		};
		BFD4091E24DAD2D000F226BF /* Network */ = {
			isa = PBXGroup;
			children = (
				BFD4091F24DAD2E500F226BF /* HTTPClient.swift */,
			);
			path = Network;
			sourceTree = "<group>";
		};
/* End PBXGroup section */

/* Begin PBXNativeTarget section */
		BFD408F624DAD1C400F226BF /* RickAndMorty */ = {
			isa = PBXNativeTarget;
			buildConfigurationList = BFD4091624DAD1CA00F226BF /* Build configuration list for PBXNativeTarget "RickAndMorty" */;
			buildPhases = (
				BFD408F324DAD1C400F226BF /* Sources */,
				BFD408F424DAD1C400F226BF /* Frameworks */,
				BFD408F524DAD1C400F226BF /* Resources */,
			);
			buildRules = (
			);
			dependencies = (
			);
			name = RickAndMorty;
			productName = RickAndMorty;
			productReference = BFD408F724DAD1C400F226BF /* RickAndMorty.app */;
			productType = "com.apple.product-type.application";
		};
		BFD4090C24DAD1CA00F226BF /* RickAndMortyTests */ = {
			isa = PBXNativeTarget;
			buildConfigurationList = BFD4091924DAD1CA00F226BF /* Build configuration list for PBXNativeTarget "RickAndMortyTests" */;
			buildPhases = (
				BFD4090924DAD1CA00F226BF /* Sources */,
				BFD4090A24DAD1CA00F226BF /* Frameworks */,
				BFD4090B24DAD1CA00F226BF /* Resources */,
			);
			buildRules = (
			);
			dependencies = (
				BFD4090F24DAD1CA00F226BF /* PBXTargetDependency */,
			);
			name = RickAndMortyTests;
			productName = RickAndMortyTests;
			productReference = BFD4090D24DAD1CA00F226BF /* RickAndMortyTests.xctest */;
			productType = "com.apple.product-type.bundle.unit-test";
		};
/* End PBXNativeTarget section */

/* Begin PBXProject section */
		BFD408EF24DAD1C400F226BF /* Project object */ = {
			isa = PBXProject;
			attributes = {
				LastSwiftUpdateCheck = 1160;
				LastUpgradeCheck = 1160;
				ORGANIZATIONNAME = "Ana Leticia Camargos";
				TargetAttributes = {
					BFD408F624DAD1C400F226BF = {
						CreatedOnToolsVersion = 11.6;
					};
					BFD4090C24DAD1CA00F226BF = {
						CreatedOnToolsVersion = 11.6;
						TestTargetID = BFD408F624DAD1C400F226BF;
					};
				};
			};
			buildConfigurationList = BFD408F224DAD1C400F226BF /* Build configuration list for PBXProject "RickAndMorty" */;
			compatibilityVersion = "Xcode 9.3";
			developmentRegion = en;
			hasScannedForEncodings = 0;
			knownRegions = (
				en,
				Base,
			);
			mainGroup = BFD408EE24DAD1C400F226BF;
			productRefGroup = BFD408F824DAD1C400F226BF /* Products */;
			projectDirPath = "";
			projectRoot = "";
			targets = (
				BFD408F624DAD1C400F226BF /* RickAndMorty */,
				BFD4090C24DAD1CA00F226BF /* RickAndMortyTests */,
			);
		};
/* End PBXProject section */

/* Begin PBXResourcesBuildPhase section */
		BFD408F524DAD1C400F226BF /* Resources */ = {
			isa = PBXResourcesBuildPhase;
			buildActionMask = 2147483647;
			files = (
				BFD4090724DAD1CA00F226BF /* LaunchScreen.storyboard in Resources */,
				BFD4090424DAD1CA00F226BF /* Assets.xcassets in Resources */,
			);
			runOnlyForDeploymentPostprocessing = 0;
		};
		BFD4090B24DAD1CA00F226BF /* Resources */ = {
			isa = PBXResourcesBuildPhase;
			buildActionMask = 2147483647;
			files = (
			);
			runOnlyForDeploymentPostprocessing = 0;
		};
/* End PBXResourcesBuildPhase section */

/* Begin PBXSourcesBuildPhase section */
		BFD408F324DAD1C400F226BF /* Sources */ = {
			isa = PBXSourcesBuildPhase;
			buildActionMask = 2147483647;
			files = (
				BFD408FF24DAD1C400F226BF /* ViewController.swift in Sources */,
				BFD408FB24DAD1C400F226BF /* AppDelegate.swift in Sources */,
				BFD4092024DAD2E500F226BF /* HTTPClient.swift in Sources */,
				BFD408FD24DAD1C400F226BF /* SceneDelegate.swift in Sources */,
			);
			runOnlyForDeploymentPostprocessing = 0;
		};
		BFD4090924DAD1CA00F226BF /* Sources */ = {
			isa = PBXSourcesBuildPhase;
			buildActionMask = 2147483647;
			files = (
				BFD4091224DAD1CA00F226BF /* RickAndMortyTests.swift in Sources */,
			);
			runOnlyForDeploymentPostprocessing = 0;
		};
/* End PBXSourcesBuildPhase section */

/* Begin PBXTargetDependency section */
		BFD4090F24DAD1CA00F226BF /* PBXTargetDependency */ = {
			isa = PBXTargetDependency;
			target = BFD408F624DAD1C400F226BF /* RickAndMorty */;
			targetProxy = BFD4090E24DAD1CA00F226BF /* PBXContainerItemProxy */;
		};
/* End PBXTargetDependency section */

/* Begin PBXVariantGroup section */
		BFD4090524DAD1CA00F226BF /* LaunchScreen.storyboard */ = {
			isa = PBXVariantGroup;
			children = (
				BFD4090624DAD1CA00F226BF /* Base */,
			);
			name = LaunchScreen.storyboard;
			sourceTree = "<group>";
		};
/* End PBXVariantGroup section */

/* Begin XCBuildConfiguration section */
		BFD4091424DAD1CA00F226BF /* Debug */ = {
			isa = XCBuildConfiguration;
			buildSettings = {
				ALWAYS_SEARCH_USER_PATHS = NO;
				CLANG_ANALYZER_NONNULL = YES;
				CLANG_ANALYZER_NUMBER_OBJECT_CONVERSION = YES_AGGRESSIVE;
				CLANG_CXX_LANGUAGE_STANDARD = "gnu++14";
				CLANG_CXX_LIBRARY = "libc++";
				CLANG_ENABLE_MODULES = YES;
				CLANG_ENABLE_OBJC_ARC = YES;
				CLANG_ENABLE_OBJC_WEAK = YES;
				CLANG_WARN_BLOCK_CAPTURE_AUTORELEASING = YES;
				CLANG_WARN_BOOL_CONVERSION = YES;
				CLANG_WARN_COMMA = YES;
				CLANG_WARN_CONSTANT_CONVERSION = YES;
				CLANG_WARN_DEPRECATED_OBJC_IMPLEMENTATIONS = YES;
				CLANG_WARN_DIRECT_OBJC_ISA_USAGE = YES_ERROR;
				CLANG_WARN_DOCUMENTATION_COMMENTS = YES;
				CLANG_WARN_EMPTY_BODY = YES;
				CLANG_WARN_ENUM_CONVERSION = YES;
				CLANG_WARN_INFINITE_RECURSION = YES;
				CLANG_WARN_INT_CONVERSION = YES;
				CLANG_WARN_NON_LITERAL_NULL_CONVERSION = YES;
				CLANG_WARN_OBJC_IMPLICIT_RETAIN_SELF = YES;
				CLANG_WARN_OBJC_LITERAL_CONVERSION = YES;
				CLANG_WARN_OBJC_ROOT_CLASS = YES_ERROR;
				CLANG_WARN_RANGE_LOOP_ANALYSIS = YES;
				CLANG_WARN_STRICT_PROTOTYPES = YES;
				CLANG_WARN_SUSPICIOUS_MOVE = YES;
				CLANG_WARN_UNGUARDED_AVAILABILITY = YES_AGGRESSIVE;
				CLANG_WARN_UNREACHABLE_CODE = YES;
				CLANG_WARN__DUPLICATE_METHOD_MATCH = YES;
				COPY_PHASE_STRIP = NO;
				DEBUG_INFORMATION_FORMAT = dwarf;
				ENABLE_STRICT_OBJC_MSGSEND = YES;
				ENABLE_TESTABILITY = YES;
				GCC_C_LANGUAGE_STANDARD = gnu11;
				GCC_DYNAMIC_NO_PIC = NO;
				GCC_NO_COMMON_BLOCKS = YES;
				GCC_OPTIMIZATION_LEVEL = 0;
				GCC_PREPROCESSOR_DEFINITIONS = (
					"DEBUG=1",
					"$(inherited)",
				);
				GCC_WARN_64_TO_32_BIT_CONVERSION = YES;
				GCC_WARN_ABOUT_RETURN_TYPE = YES_ERROR;
				GCC_WARN_UNDECLARED_SELECTOR = YES;
				GCC_WARN_UNINITIALIZED_AUTOS = YES_AGGRESSIVE;
				GCC_WARN_UNUSED_FUNCTION = YES;
				GCC_WARN_UNUSED_VARIABLE = YES;
				IPHONEOS_DEPLOYMENT_TARGET = 13.6;
				MTL_ENABLE_DEBUG_INFO = INCLUDE_SOURCE;
				MTL_FAST_MATH = YES;
				ONLY_ACTIVE_ARCH = YES;
				SDKROOT = iphoneos;
				SWIFT_ACTIVE_COMPILATION_CONDITIONS = DEBUG;
				SWIFT_OPTIMIZATION_LEVEL = "-Onone";
			};
			name = Debug;
		};
		BFD4091524DAD1CA00F226BF /* Release */ = {
			isa = XCBuildConfiguration;
			buildSettings = {
				ALWAYS_SEARCH_USER_PATHS = NO;
				CLANG_ANALYZER_NONNULL = YES;
				CLANG_ANALYZER_NUMBER_OBJECT_CONVERSION = YES_AGGRESSIVE;
				CLANG_CXX_LANGUAGE_STANDARD = "gnu++14";
				CLANG_CXX_LIBRARY = "libc++";
				CLANG_ENABLE_MODULES = YES;
				CLANG_ENABLE_OBJC_ARC = YES;
				CLANG_ENABLE_OBJC_WEAK = YES;
				CLANG_WARN_BLOCK_CAPTURE_AUTORELEASING = YES;
				CLANG_WARN_BOOL_CONVERSION = YES;
				CLANG_WARN_COMMA = YES;
				CLANG_WARN_CONSTANT_CONVERSION = YES;
				CLANG_WARN_DEPRECATED_OBJC_IMPLEMENTATIONS = YES;
				CLANG_WARN_DIRECT_OBJC_ISA_USAGE = YES_ERROR;
				CLANG_WARN_DOCUMENTATION_COMMENTS = YES;
				CLANG_WARN_EMPTY_BODY = YES;
				CLANG_WARN_ENUM_CONVERSION = YES;
				CLANG_WARN_INFINITE_RECURSION = YES;
				CLANG_WARN_INT_CONVERSION = YES;
				CLANG_WARN_NON_LITERAL_NULL_CONVERSION = YES;
				CLANG_WARN_OBJC_IMPLICIT_RETAIN_SELF = YES;
				CLANG_WARN_OBJC_LITERAL_CONVERSION = YES;
				CLANG_WARN_OBJC_ROOT_CLASS = YES_ERROR;
				CLANG_WARN_RANGE_LOOP_ANALYSIS = YES;
				CLANG_WARN_STRICT_PROTOTYPES = YES;
				CLANG_WARN_SUSPICIOUS_MOVE = YES;
				CLANG_WARN_UNGUARDED_AVAILABILITY = YES_AGGRESSIVE;
				CLANG_WARN_UNREACHABLE_CODE = YES;
				CLANG_WARN__DUPLICATE_METHOD_MATCH = YES;
				COPY_PHASE_STRIP = NO;
				DEBUG_INFORMATION_FORMAT = "dwarf-with-dsym";
				ENABLE_NS_ASSERTIONS = NO;
				ENABLE_STRICT_OBJC_MSGSEND = YES;
				GCC_C_LANGUAGE_STANDARD = gnu11;
				GCC_NO_COMMON_BLOCKS = YES;
				GCC_WARN_64_TO_32_BIT_CONVERSION = YES;
				GCC_WARN_ABOUT_RETURN_TYPE = YES_ERROR;
				GCC_WARN_UNDECLARED_SELECTOR = YES;
				GCC_WARN_UNINITIALIZED_AUTOS = YES_AGGRESSIVE;
				GCC_WARN_UNUSED_FUNCTION = YES;
				GCC_WARN_UNUSED_VARIABLE = YES;
				IPHONEOS_DEPLOYMENT_TARGET = 13.6;
				MTL_ENABLE_DEBUG_INFO = NO;
				MTL_FAST_MATH = YES;
				SDKROOT = iphoneos;
				SWIFT_COMPILATION_MODE = wholemodule;
				SWIFT_OPTIMIZATION_LEVEL = "-O";
				VALIDATE_PRODUCT = YES;
			};
			name = Release;
		};
		BFD4091724DAD1CA00F226BF /* Debug */ = {
			isa = XCBuildConfiguration;
			buildSettings = {
				ASSETCATALOG_COMPILER_APPICON_NAME = AppIcon;
				CODE_SIGN_STYLE = Automatic;
				DEVELOPMENT_TEAM = ZR4HDJL2Y8;
				INFOPLIST_FILE = RickAndMorty/Info.plist;
				LD_RUNPATH_SEARCH_PATHS = (
					"$(inherited)",
					"@executable_path/Frameworks",
				);
				PRODUCT_BUNDLE_IDENTIFIER = com.ana.RickAndMorty;
				PRODUCT_NAME = "$(TARGET_NAME)";
				SWIFT_VERSION = 5.0;
				TARGETED_DEVICE_FAMILY = "1,2";
			};
			name = Debug;
		};
		BFD4091824DAD1CA00F226BF /* Release */ = {
			isa = XCBuildConfiguration;
			buildSettings = {
				ASSETCATALOG_COMPILER_APPICON_NAME = AppIcon;
				CODE_SIGN_STYLE = Automatic;
				DEVELOPMENT_TEAM = ZR4HDJL2Y8;
				INFOPLIST_FILE = RickAndMorty/Info.plist;
				LD_RUNPATH_SEARCH_PATHS = (
					"$(inherited)",
					"@executable_path/Frameworks",
				);
				PRODUCT_BUNDLE_IDENTIFIER = com.ana.RickAndMorty;
				PRODUCT_NAME = "$(TARGET_NAME)";
				SWIFT_VERSION = 5.0;
				TARGETED_DEVICE_FAMILY = "1,2";
			};
			name = Release;
		};
		BFD4091A24DAD1CA00F226BF /* Debug */ = {
			isa = XCBuildConfiguration;
			buildSettings = {
				ALWAYS_EMBED_SWIFT_STANDARD_LIBRARIES = YES;
				BUNDLE_LOADER = "$(TEST_HOST)";
				CODE_SIGN_STYLE = Automatic;
				DEVELOPMENT_TEAM = ZR4HDJL2Y8;
				INFOPLIST_FILE = RickAndMortyTests/Info.plist;
				IPHONEOS_DEPLOYMENT_TARGET = 13.6;
				LD_RUNPATH_SEARCH_PATHS = (
					"$(inherited)",
					"@executable_path/Frameworks",
					"@loader_path/Frameworks",
				);
				PRODUCT_BUNDLE_IDENTIFIER = com.ana.RickAndMortyTests;
				PRODUCT_NAME = "$(TARGET_NAME)";
				SWIFT_VERSION = 5.0;
				TARGETED_DEVICE_FAMILY = "1,2";
				TEST_HOST = "$(BUILT_PRODUCTS_DIR)/RickAndMorty.app/RickAndMorty";
			};
			name = Debug;
		};
		BFD4091B24DAD1CA00F226BF /* Release */ = {
			isa = XCBuildConfiguration;
			buildSettings = {
				ALWAYS_EMBED_SWIFT_STANDARD_LIBRARIES = YES;
				BUNDLE_LOADER = "$(TEST_HOST)";
				CODE_SIGN_STYLE = Automatic;
				DEVELOPMENT_TEAM = ZR4HDJL2Y8;
				INFOPLIST_FILE = RickAndMortyTests/Info.plist;
				IPHONEOS_DEPLOYMENT_TARGET = 13.6;
				LD_RUNPATH_SEARCH_PATHS = (
					"$(inherited)",
					"@executable_path/Frameworks",
					"@loader_path/Frameworks",
				);
				PRODUCT_BUNDLE_IDENTIFIER = com.ana.RickAndMortyTests;
				PRODUCT_NAME = "$(TARGET_NAME)";
				SWIFT_VERSION = 5.0;
				TARGETED_DEVICE_FAMILY = "1,2";
				TEST_HOST = "$(BUILT_PRODUCTS_DIR)/RickAndMorty.app/RickAndMorty";
			};
			name = Release;
		};
/* End XCBuildConfiguration section */

/* Begin XCConfigurationList section */
		BFD408F224DAD1C400F226BF /* Build configuration list for PBXProject "RickAndMorty" */ = {
			isa = XCConfigurationList;
			buildConfigurations = (
				BFD4091424DAD1CA00F226BF /* Debug */,
				BFD4091524DAD1CA00F226BF /* Release */,
			);
			defaultConfigurationIsVisible = 0;
			defaultConfigurationName = Release;
		};
		BFD4091624DAD1CA00F226BF /* Build configuration list for PBXNativeTarget "RickAndMorty" */ = {
			isa = XCConfigurationList;
			buildConfigurations = (
				BFD4091724DAD1CA00F226BF /* Debug */,
				BFD4091824DAD1CA00F226BF /* Release */,
			);
			defaultConfigurationIsVisible = 0;
			defaultConfigurationName = Release;
		};
		BFD4091924DAD1CA00F226BF /* Build configuration list for PBXNativeTarget "RickAndMortyTests" */ = {
			isa = XCConfigurationList;
			buildConfigurations = (
				BFD4091A24DAD1CA00F226BF /* Debug */,
				BFD4091B24DAD1CA00F226BF /* Release */,
			);
			defaultConfigurationIsVisible = 0;
			defaultConfigurationName = Release;
		};
/* End XCConfigurationList section */
	};
	rootObject = BFD408EF24DAD1C400F226BF /* Project object */;
}
